
Microsoft Visual Studio Solution File, Format Version 12.00
# Visual Studio Version 17
VisualStudioVersion = 17.0.31903.59
MinimumVisualStudioVersion = 10.0.40219.1
Project("{2150E333-8FDC-42A3-9474-1A3956D46DE8}") = "src", "src", "{827E0CD3-B72D-47B6-A68D-7590B98EB39B}"
EndProject
Project("{FAE04EC0-301F-11D3-BF4B-00C04F79EFBC}") = "GTE.Domain", "src\GTE.Domain\GTE.Domain.csproj", "{68A5A774-5649-4B6D-ACB4-D655F113A8F1}"
EndProject
Project("{FAE04EC0-301F-11D3-BF4B-00C04F79EFBC}") = "GTE.Application", "src\GTE.Application\GTE.Application.csproj", "{B5EDDCFE-5A44-4622-A9F1-CFEE1323B70C}"
EndProject
Project("{FAE04EC0-301F-11D3-BF4B-00C04F79EFBC}") = "GTE.Infrastructure", "src\GTE.Infrastructure\GTE.Infrastructure.csproj", "{AE23DA01-AF76-4E28-B114-57A25439DF1C}"
EndProject
Project("{FAE04EC0-301F-11D3-BF4B-00C04F79EFBC}") = "GTE.WebApi", "src\GTE.WebApi\GTE.WebApi.csproj", "{9E33A8DE-0AAE-4FA8-BB8C-7AF31E118FDC}"
EndProject
Project("{2150E333-8FDC-42A3-9474-1A3956D46DE8}") = "tests", "tests", "{0AB3BF05-4346-4AA6-1389-037BE0695223}"
EndProject
Project("{FAE04EC0-301F-11D3-BF4B-00C04F79EFBC}") = "GTE.Domain.Tests", "tests\GTE.Domain.Tests\GTE.Domain.Tests.csproj", "{9CAA9038-DA43-4AFC-9BFE-77EC874C9946}"
EndProject
Project("{FAE04EC0-301F-11D3-BF4B-00C04F79EFBC}") = "GTE.Application.Tests", "tests\GTE.Application.Tests\GTE.Application.Tests.csproj", "{FEFDBE49-C9C0-427A-A5F6-F8F851579546}"
EndProject
Project("{FAE04EC0-301F-11D3-BF4B-00C04F79EFBC}") = "GTE.Api.Tests", "tests\GTE.Api.Tests\GTE.Api.Tests.csproj", "{E24C97B7-6CA2-4E3A-BA7E-77D80213C578}"
EndProject
Global
	GlobalSection(SolutionConfigurationPlatforms) = preSolution
		Debug|Any CPU = Debug|Any CPU
		Debug|x64 = Debug|x64
		Debug|x86 = Debug|x86
		Release|Any CPU = Release|Any CPU
		Release|x64 = Release|x64
		Release|x86 = Release|x86
	EndGlobalSection
	GlobalSection(ProjectConfigurationPlatforms) = postSolution
		{68A5A774-5649-4B6D-ACB4-D655F113A8F1}.Debug|Any CPU.ActiveCfg = Debug|Any CPU
		{68A5A774-5649-4B6D-ACB4-D655F113A8F1}.Debug|Any CPU.Build.0 = Debug|Any CPU
		{68A5A774-5649-4B6D-ACB4-D655F113A8F1}.Debug|x64.ActiveCfg = Debug|Any CPU
		{68A5A774-5649-4B6D-ACB4-D655F113A8F1}.Debug|x64.Build.0 = Debug|Any CPU
		{68A5A774-5649-4B6D-ACB4-D655F113A8F1}.Debug|x86.ActiveCfg = Debug|Any CPU
		{68A5A774-5649-4B6D-ACB4-D655F113A8F1}.Debug|x86.Build.0 = Debug|Any CPU
		{68A5A774-5649-4B6D-ACB4-D655F113A8F1}.Release|Any CPU.ActiveCfg = Release|Any CPU
		{68A5A774-5649-4B6D-ACB4-D655F113A8F1}.Release|Any CPU.Build.0 = Release|Any CPU
		{68A5A774-5649-4B6D-ACB4-D655F113A8F1}.Release|x64.ActiveCfg = Release|Any CPU
		{68A5A774-5649-4B6D-ACB4-D655F113A8F1}.Release|x64.Build.0 = Release|Any CPU
		{68A5A774-5649-4B6D-ACB4-D655F113A8F1}.Release|x86.ActiveCfg = Release|Any CPU
		{68A5A774-5649-4B6D-ACB4-D655F113A8F1}.Release|x86.Build.0 = Release|Any CPU
		{B5EDDCFE-5A44-4622-A9F1-CFEE1323B70C}.Debug|Any CPU.ActiveCfg = Debug|Any CPU
		{B5EDDCFE-5A44-4622-A9F1-CFEE1323B70C}.Debug|Any CPU.Build.0 = Debug|Any CPU
		{B5EDDCFE-5A44-4622-A9F1-CFEE1323B70C}.Debug|x64.ActiveCfg = Debug|Any CPU
		{B5EDDCFE-5A44-4622-A9F1-CFEE1323B70C}.Debug|x64.Build.0 = Debug|Any CPU
		{B5EDDCFE-5A44-4622-A9F1-CFEE1323B70C}.Debug|x86.ActiveCfg = Debug|Any CPU
		{B5EDDCFE-5A44-4622-A9F1-CFEE1323B70C}.Debug|x86.Build.0 = Debug|Any CPU
		{B5EDDCFE-5A44-4622-A9F1-CFEE1323B70C}.Release|Any CPU.ActiveCfg = Release|Any CPU
		{B5EDDCFE-5A44-4622-A9F1-CFEE1323B70C}.Release|Any CPU.Build.0 = Release|Any CPU
		{B5EDDCFE-5A44-4622-A9F1-CFEE1323B70C}.Release|x64.ActiveCfg = Release|Any CPU
		{B5EDDCFE-5A44-4622-A9F1-CFEE1323B70C}.Release|x64.Build.0 = Release|Any CPU
		{B5EDDCFE-5A44-4622-A9F1-CFEE1323B70C}.Release|x86.ActiveCfg = Release|Any CPU
		{B5EDDCFE-5A44-4622-A9F1-CFEE1323B70C}.Release|x86.Build.0 = Release|Any CPU
		{AE23DA01-AF76-4E28-B114-57A25439DF1C}.Debug|Any CPU.ActiveCfg = Debug|Any CPU
		{AE23DA01-AF76-4E28-B114-57A25439DF1C}.Debug|Any CPU.Build.0 = Debug|Any CPU
		{AE23DA01-AF76-4E28-B114-57A25439DF1C}.Debug|x64.ActiveCfg = Debug|Any CPU
		{AE23DA01-AF76-4E28-B114-57A25439DF1C}.Debug|x64.Build.0 = Debug|Any CPU
		{AE23DA01-AF76-4E28-B114-57A25439DF1C}.Debug|x86.ActiveCfg = Debug|Any CPU
		{AE23DA01-AF76-4E28-B114-57A25439DF1C}.Debug|x86.Build.0 = Debug|Any CPU
		{AE23DA01-AF76-4E28-B114-57A25439DF1C}.Release|Any CPU.ActiveCfg = Release|Any CPU
		{AE23DA01-AF76-4E28-B114-57A25439DF1C}.Release|Any CPU.Build.0 = Release|Any CPU
		{AE23DA01-AF76-4E28-B114-57A25439DF1C}.Release|x64.ActiveCfg = Release|Any CPU
		{AE23DA01-AF76-4E28-B114-57A25439DF1C}.Release|x64.Build.0 = Release|Any CPU
		{AE23DA01-AF76-4E28-B114-57A25439DF1C}.Release|x86.ActiveCfg = Release|Any CPU
		{AE23DA01-AF76-4E28-B114-57A25439DF1C}.Release|x86.Build.0 = Release|Any CPU
		{9E33A8DE-0AAE-4FA8-BB8C-7AF31E118FDC}.Debug|Any CPU.ActiveCfg = Debug|Any CPU
		{9E33A8DE-0AAE-4FA8-BB8C-7AF31E118FDC}.Debug|Any CPU.Build.0 = Debug|Any CPU
		{9E33A8DE-0AAE-4FA8-BB8C-7AF31E118FDC}.Debug|x64.ActiveCfg = Debug|Any CPU
		{9E33A8DE-0AAE-4FA8-BB8C-7AF31E118FDC}.Debug|x64.Build.0 = Debug|Any CPU
		{9E33A8DE-0AAE-4FA8-BB8C-7AF31E118FDC}.Debug|x86.ActiveCfg = Debug|Any CPU
		{9E33A8DE-0AAE-4FA8-BB8C-7AF31E118FDC}.Debug|x86.Build.0 = Debug|Any CPU
		{9E33A8DE-0AAE-4FA8-BB8C-7AF31E118FDC}.Release|Any CPU.ActiveCfg = Release|Any CPU
		{9E33A8DE-0AAE-4FA8-BB8C-7AF31E118FDC}.Release|Any CPU.Build.0 = Release|Any CPU
		{9E33A8DE-0AAE-4FA8-BB8C-7AF31E118FDC}.Release|x64.ActiveCfg = Release|Any CPU
		{9E33A8DE-0AAE-4FA8-BB8C-7AF31E118FDC}.Release|x64.Build.0 = Release|Any CPU
		{9E33A8DE-0AAE-4FA8-BB8C-7AF31E118FDC}.Release|x86.ActiveCfg = Release|Any CPU
		{9E33A8DE-0AAE-4FA8-BB8C-7AF31E118FDC}.Release|x86.Build.0 = Release|Any CPU
		{9CAA9038-DA43-4AFC-9BFE-77EC874C9946}.Debug|Any CPU.ActiveCfg = Debug|Any CPU
		{9CAA9038-DA43-4AFC-9BFE-77EC874C9946}.Debug|Any CPU.Build.0 = Debug|Any CPU
		{9CAA9038-DA43-4AFC-9BFE-77EC874C9946}.Debug|x64.ActiveCfg = Debug|Any CPU
		{9CAA9038-DA43-4AFC-9BFE-77EC874C9946}.Debug|x64.Build.0 = Debug|Any CPU
		{9CAA9038-DA43-4AFC-9BFE-77EC874C9946}.Debug|x86.ActiveCfg = Debug|Any CPU
		{9CAA9038-DA43-4AFC-9BFE-77EC874C9946}.Debug|x86.Build.0 = Debug|Any CPU
		{9CAA9038-DA43-4AFC-9BFE-77EC874C9946}.Release|Any CPU.ActiveCfg = Release|Any CPU
		{9CAA9038-DA43-4AFC-9BFE-77EC874C9946}.Release|Any CPU.Build.0 = Release|Any CPU
		{9CAA9038-DA43-4AFC-9BFE-77EC874C9946}.Release|x64.ActiveCfg = Release|Any CPU
		{9CAA9038-DA43-4AFC-9BFE-77EC874C9946}.Release|x64.Build.0 = Release|Any CPU
		{9CAA9038-DA43-4AFC-9BFE-77EC874C9946}.Release|x86.ActiveCfg = Release|Any CPU
		{9CAA9038-DA43-4AFC-9BFE-77EC874C9946}.Release|x86.Build.0 = Release|Any CPU
		{FEFDBE49-C9C0-427A-A5F6-F8F851579546}.Debug|Any CPU.ActiveCfg = Debug|Any CPU
		{FEFDBE49-C9C0-427A-A5F6-F8F851579546}.Debug|Any CPU.Build.0 = Debug|Any CPU
		{FEFDBE49-C9C0-427A-A5F6-F8F851579546}.Debug|x64.ActiveCfg = Debug|Any CPU
		{FEFDBE49-C9C0-427A-A5F6-F8F851579546}.Debug|x64.Build.0 = Debug|Any CPU
		{FEFDBE49-C9C0-427A-A5F6-F8F851579546}.Debug|x86.ActiveCfg = Debug|Any CPU
		{FEFDBE49-C9C0-427A-A5F6-F8F851579546}.Debug|x86.Build.0 = Debug|Any CPU
		{FEFDBE49-C9C0-427A-A5F6-F8F851579546}.Release|Any CPU.ActiveCfg = Release|Any CPU
		{FEFDBE49-C9C0-427A-A5F6-F8F851579546}.Release|Any CPU.Build.0 = Release|Any CPU
		{FEFDBE49-C9C0-427A-A5F6-F8F851579546}.Release|x64.ActiveCfg = Release|Any CPU
		{FEFDBE49-C9C0-427A-A5F6-F8F851579546}.Release|x64.Build.0 = Release|Any CPU
		{FEFDBE49-C9C0-427A-A5F6-F8F851579546}.Release|x86.ActiveCfg = Release|Any CPU
		{FEFDBE49-C9C0-427A-A5F6-F8F851579546}.Release|x86.Build.0 = Release|Any CPU
		{E24C97B7-6CA2-4E3A-BA7E-77D80213C578}.Debug|Any CPU.ActiveCfg = Debug|Any CPU
		{E24C97B7-6CA2-4E3A-BA7E-77D80213C578}.Debug|Any CPU.Build.0 = Debug|Any CPU
		{E24C97B7-6CA2-4E3A-BA7E-77D80213C578}.Debug|x64.ActiveCfg = Debug|Any CPU
		{E24C97B7-6CA2-4E3A-BA7E-77D80213C578}.Debug|x64.Build.0 = Debug|Any CPU
		{E24C97B7-6CA2-4E3A-BA7E-77D80213C578}.Debug|x86.ActiveCfg = Debug|Any CPU
		{E24C97B7-6CA2-4E3A-BA7E-77D80213C578}.Debug|x86.Build.0 = Debug|Any CPU
		{E24C97B7-6CA2-4E3A-BA7E-77D80213C578}.Release|Any CPU.ActiveCfg = Release|Any CPU
		{E24C97B7-6CA2-4E3A-BA7E-77D80213C578}.Release|Any CPU.Build.0 = Release|Any CPU
		{E24C97B7-6CA2-4E3A-BA7E-77D80213C578}.Release|x64.ActiveCfg = Release|Any CPU
		{E24C97B7-6CA2-4E3A-BA7E-77D80213C578}.Release|x64.Build.0 = Release|Any CPU
		{E24C97B7-6CA2-4E3A-BA7E-77D80213C578}.Release|x86.ActiveCfg = Release|Any CPU
		{E24C97B7-6CA2-4E3A-BA7E-77D80213C578}.Release|x86.Build.0 = Release|Any CPU
	EndGlobalSection
	GlobalSection(SolutionProperties) = preSolution
		HideSolutionNode = FALSE
	EndGlobalSection
	GlobalSection(NestedProjects) = preSolution
		{68A5A774-5649-4B6D-ACB4-D655F113A8F1} = {827E0CD3-B72D-47B6-A68D-7590B98EB39B}
		{B5EDDCFE-5A44-4622-A9F1-CFEE1323B70C} = {827E0CD3-B72D-47B6-A68D-7590B98EB39B}
		{AE23DA01-AF76-4E28-B114-57A25439DF1C} = {827E0CD3-B72D-47B6-A68D-7590B98EB39B}
		{9E33A8DE-0AAE-4FA8-BB8C-7AF31E118FDC} = {827E0CD3-B72D-47B6-A68D-7590B98EB39B}
		{9CAA9038-DA43-4AFC-9BFE-77EC874C9946} = {0AB3BF05-4346-4AA6-1389-037BE0695223}
		{FEFDBE49-C9C0-427A-A5F6-F8F851579546} = {0AB3BF05-4346-4AA6-1389-037BE0695223}
		{E24C97B7-6CA2-4E3A-BA7E-77D80213C578} = {0AB3BF05-4346-4AA6-1389-037BE0695223}
	EndGlobalSection
EndGlobal
